
Microsoft Visual Studio Solution File, Format Version 12.00
# Visual Studio 14
VisualStudioVersion = 14.0.24720.0
MinimumVisualStudioVersion = 10.0.40219.1
Project("{FAE04EC0-301F-11D3-BF4B-00C04F79EFBC}") = "DumpThreadStacks", "DumpThreadStacks\DumpThreadStacks.csproj", "{4BCD9EBC-4A6E-4E7B-BC1C-F2D90B906164}"
EndProject
Project("{FAE04EC0-301F-11D3-BF4B-00C04F79EFBC}") = "MultipartHttpRequestHandler", "MultipartHttpRequestHandler\MultipartHttpRequestHandler.csproj", "{D0D1751D-9FED-4A56-B2F6-C751AD172469}"
EndProject
Project("{FAE04EC0-301F-11D3-BF4B-00C04F79EFBC}") = "FrameworkDemo", "FrameworkDemo\FrameworkDemo.csproj", "{A4B578AF-8180-4B33-928F-B83B6F127008}"
EndProject
Project("{FAE04EC0-301F-11D3-BF4B-00C04F79EFBC}") = "Runner", "Runner\Runner.csproj", "{3417932B-0981-478E-B561-79A73BCC11B2}"
EndProject
Project("{FAE04EC0-301F-11D3-BF4B-00C04F79EFBC}") = "CommonLib", "CommonLib\CommonLib.csproj", "{6DADA8FF-206F-46B2-868C-09C84F622431}"
EndProject
Project("{FAE04EC0-301F-11D3-BF4B-00C04F79EFBC}") = "MultipartFileUpload", "MultipartFileUpload\MultipartFileUpload.csproj", "{6216719D-E1F9-4F8C-9424-67F84EC3BB14}"
EndProject
Project("{FAE04EC0-301F-11D3-BF4B-00C04F79EFBC}") = "AforgeDemo", "AforgeDemo\AforgeDemo.csproj", "{4B12A80A-8CBC-4AF4-B7D4-A823ECDA9FED}"
EndProject
Project("{FAE04EC0-301F-11D3-BF4B-00C04F79EFBC}") = "CrashDump", "CrashDump\CrashDump.csproj", "{86E13FAD-61AB-4C8F-9841-9FEBED96F39A}"
EndProject
Global
	GlobalSection(SolutionConfigurationPlatforms) = preSolution
		Debug|Any CPU = Debug|Any CPU
		Release|Any CPU = Release|Any CPU
	EndGlobalSection
	GlobalSection(ProjectConfigurationPlatforms) = postSolution
		{4BCD9EBC-4A6E-4E7B-BC1C-F2D90B906164}.Debug|Any CPU.ActiveCfg = Debug|Any CPU
		{4BCD9EBC-4A6E-4E7B-BC1C-F2D90B906164}.Debug|Any CPU.Build.0 = Debug|Any CPU
		{4BCD9EBC-4A6E-4E7B-BC1C-F2D90B906164}.Release|Any CPU.ActiveCfg = Release|Any CPU
		{4BCD9EBC-4A6E-4E7B-BC1C-F2D90B906164}.Release|Any CPU.Build.0 = Release|Any CPU
		{D0D1751D-9FED-4A56-B2F6-C751AD172469}.Debug|Any CPU.ActiveCfg = Debug|Any CPU
		{D0D1751D-9FED-4A56-B2F6-C751AD172469}.Debug|Any CPU.Build.0 = Debug|Any CPU
		{D0D1751D-9FED-4A56-B2F6-C751AD172469}.Release|Any CPU.ActiveCfg = Release|Any CPU
		{D0D1751D-9FED-4A56-B2F6-C751AD172469}.Release|Any CPU.Build.0 = Release|Any CPU
		{A4B578AF-8180-4B33-928F-B83B6F127008}.Debug|Any CPU.ActiveCfg = Debug|Any CPU
		{A4B578AF-8180-4B33-928F-B83B6F127008}.Debug|Any CPU.Build.0 = Debug|Any CPU
		{A4B578AF-8180-4B33-928F-B83B6F127008}.Release|Any CPU.ActiveCfg = Release|Any CPU
		{A4B578AF-8180-4B33-928F-B83B6F127008}.Release|Any CPU.Build.0 = Release|Any CPU
		{3417932B-0981-478E-B561-79A73BCC11B2}.Debug|Any CPU.ActiveCfg = Debug|Any CPU
		{3417932B-0981-478E-B561-79A73BCC11B2}.Debug|Any CPU.Build.0 = Debug|Any CPU
		{3417932B-0981-478E-B561-79A73BCC11B2}.Release|Any CPU.ActiveCfg = Release|Any CPU
		{3417932B-0981-478E-B561-79A73BCC11B2}.Release|Any CPU.Build.0 = Release|Any CPU
		{6DADA8FF-206F-46B2-868C-09C84F622431}.Debug|Any CPU.ActiveCfg = Debug|Any CPU
		{6DADA8FF-206F-46B2-868C-09C84F622431}.Debug|Any CPU.Build.0 = Debug|Any CPU
		{6DADA8FF-206F-46B2-868C-09C84F622431}.Release|Any CPU.ActiveCfg = Release|Any CPU
		{6DADA8FF-206F-46B2-868C-09C84F622431}.Release|Any CPU.Build.0 = Release|Any CPU
		{6216719D-E1F9-4F8C-9424-67F84EC3BB14}.Debug|Any CPU.ActiveCfg = Debug|Any CPU
		{6216719D-E1F9-4F8C-9424-67F84EC3BB14}.Debug|Any CPU.Build.0 = Debug|Any CPU
		{6216719D-E1F9-4F8C-9424-67F84EC3BB14}.Release|Any CPU.ActiveCfg = Release|Any CPU
		{6216719D-E1F9-4F8C-9424-67F84EC3BB14}.Release|Any CPU.Build.0 = Release|Any CPU
		{4B12A80A-8CBC-4AF4-B7D4-A823ECDA9FED}.Debug|Any CPU.ActiveCfg = Debug|Any CPU
		{4B12A80A-8CBC-4AF4-B7D4-A823ECDA9FED}.Debug|Any CPU.Build.0 = Debug|Any CPU
		{4B12A80A-8CBC-4AF4-B7D4-A823ECDA9FED}.Release|Any CPU.ActiveCfg = Release|Any CPU
		{4B12A80A-8CBC-4AF4-B7D4-A823ECDA9FED}.Release|Any CPU.Build.0 = Release|Any CPU
		{86E13FAD-61AB-4C8F-9841-9FEBED96F39A}.Debug|Any CPU.ActiveCfg = Debug|Any CPU
		{86E13FAD-61AB-4C8F-9841-9FEBED96F39A}.Debug|Any CPU.Build.0 = Debug|Any CPU
		{86E13FAD-61AB-4C8F-9841-9FEBED96F39A}.Release|Any CPU.ActiveCfg = Release|Any CPU
		{86E13FAD-61AB-4C8F-9841-9FEBED96F39A}.Release|Any CPU.Build.0 = Release|Any CPU
	EndGlobalSection
	GlobalSection(SolutionProperties) = preSolution
		HideSolutionNode = FALSE
	EndGlobalSection
EndGlobal
